PODS:
  - GPUImage (0.1.2)
  - NSObject+EventDispatcher (0.1.0)
  - Overline (0.3.0)

DEPENDENCIES:
  - GPUImage
  - NSObject+EventDispatcher (from `https://github.com/noughts/NSObject-EventDispatcher.git`)
  - Overline

EXTERNAL SOURCES:
  NSObject+EventDispatcher:
    :git: https://github.com/noughts/NSObject-EventDispatcher.git

SPEC CHECKSUMS:
  GPUImage: 007145faa0e27f1ddbcab93e07f026c9776e2fa2
  NSObject+EventDispatcher: c7d763bb1ec42ee492e0ef3d45e3fac0aec3a3ab
  Overline: 9c8bada0893600907f96cdafdc2c83b43ebcc1cf

COCOAPODS: 0.29.0
