PODS:
  - NSObject+EventDispatcher (0.1.0)

DEPENDENCIES:
  - NSObject+EventDispatcher (from `https://github.com/noughts/NSObject-EventDispatcher.git`)

EXTERNAL SOURCES:
  NSObject+EventDispatcher:
    :git: https://github.com/noughts/NSObject-EventDispatcher.git

SPEC CHECKSUMS:
  NSObject+EventDispatcher: c7d763bb1ec42ee492e0ef3d45e3fac0aec3a3ab

COCOAPODS: 0.29.0
